
Microsoft Visual Studio Solution File, Format Version 12.00
# Visual Studio 15
VisualStudioVersion = 15.0.28307.705
MinimumVisualStudioVersion = 10.0.40219.1
Project("{FAE04EC0-301F-11D3-BF4B-00C04F79EFBC}") = "Day6", "Day6\Day6.csproj", "{8B6704DC-DDEA-4E4C-A599-5BB95154CDF9}"
EndProject
Global
	GlobalSection(SolutionConfigurationPlatforms) = preSolution
		Debug|Any CPU = Debug|Any CPU
		Release|Any CPU = Release|Any CPU
	EndGlobalSection
	GlobalSection(ProjectConfigurationPlatforms) = postSolution
		{8B6704DC-DDEA-4E4C-A599-5BB95154CDF9}.Debug|Any CPU.ActiveCfg = Debug|Any CPU
		{8B6704DC-DDEA-4E4C-A599-5BB95154CDF9}.Debug|Any CPU.Build.0 = Debug|Any CPU
		{8B6704DC-DDEA-4E4C-A599-5BB95154CDF9}.Release|Any CPU.ActiveCfg = Release|Any CPU
		{8B6704DC-DDEA-4E4C-A599-5BB95154CDF9}.Release|Any CPU.Build.0 = Release|Any CPU
	EndGlobalSection
	GlobalSection(SolutionProperties) = preSolution
		HideSolutionNode = FALSE
	EndGlobalSection
	GlobalSection(ExtensibilityGlobals) = postSolution
		SolutionGuid = {F004CBD0-94EC-4801-92CF-79CED91460FC}
	EndGlobalSection
EndGlobal
